{
  "name": "Aug Menus",
  "lockfileVersion": 3,
  "requires": true,
  "packages": {
    "": {
      "dependencies": {
        "aframe-orbit-controls": "^1.3.2"
      }
    },
    "node_modules/aframe-orbit-controls": {
      "version": "1.3.2",
      "resolved": "https://registry.npmjs.org/aframe-orbit-controls/-/aframe-orbit-controls-1.3.2.tgz",
      "integrity": "sha512-j4e14ko3ELmfMF8FWEXtVSqSObYtoJpyhyZ9l2HY23iLY3Z7qmT/kRJ24wDQT/CEmToi3a9j7MqUeLDcbLALDA==",
      "license": "MIT"
    }
  }
}
